Microsoft Visual Studio Solution File, Format Version 12.00
# Visual Studio Version 17
VisualStudioVersion = 17.0.32112.339
MinimumVisualStudioVersion = 10.0.40219.1
Project("{9A19103F-16F7-4668-BE54-9A1E7A4F7556}") = "Hash.Core", "src\Hash.Core\Hash.Core.csproj", "{B84F57AF-BF67-466C-8449-AAC9D8035F07}"
EndProject
Project("{FAE04EC0-301F-11D3-BF4B-00C04F79EFBC}") = "Hash.Wpf", "src\Hash.Wpf\Hash.Wpf.csproj", "{5C9B7F94-B523-4C39-BCEB-19964C6A7237}"
	ProjectSection(ProjectDependencies) = postProject
		{B84F57AF-BF67-466C-8449-AAC9D8035F07} = {B84F57AF-BF67-466C-8449-AAC9D8035F07}
	EndProjectSection
EndProject
Project("{B7DD6F7E-DEF8-4E67-B5B7-07EF123DB6F0}") = "WixInstallerSetup", "src\WixInstallerSetup\WixInstallerSetup.wixproj", "{D5755B47-DB4D-4180-A109-269062572C9D}"
EndProject
Project("{FAE04EC0-301F-11D3-BF4B-00C04F79EFBC}") = "Hash.Core.Tests", "tests\Hash.Core.Tests\Hash.Core.Tests.csproj", "{805FF0BD-D3D4-4F9A-8422-6B6225D1EBBC}"
EndProject
Global
	GlobalSection(SolutionConfigurationPlatforms) = preSolution
		Debug|arm64 = Debug|arm64
		Debug|x64 = Debug|x64
		Debug|x86 = Debug|x86
		Debug|Any CPU = Debug|Any CPU
		Release|arm64 = Release|arm64
		Release|x64 = Release|x64
		Release|x86 = Release|x86
		Release|Any CPU = Release|Any CPU
	EndGlobalSection
	GlobalSection(ProjectConfigurationPlatforms) = postSolution
		{B84F57AF-BF67-466C-8449-AAC9D8035F07}.Debug|arm64.ActiveCfg = Debug|Any CPU
		{B84F57AF-BF67-466C-8449-AAC9D8035F07}.Debug|arm64.Build.0 = Debug|Any CPU
		{B84F57AF-BF67-466C-8449-AAC9D8035F07}.Debug|x64.ActiveCfg = Debug|Any CPU
		{B84F57AF-BF67-466C-8449-AAC9D8035F07}.Debug|x64.Build.0 = Debug|Any CPU
		{B84F57AF-BF67-466C-8449-AAC9D8035F07}.Debug|x86.ActiveCfg = Debug|Any CPU
		{B84F57AF-BF67-466C-8449-AAC9D8035F07}.Debug|x86.Build.0 = Debug|Any CPU
		{B84F57AF-BF67-466C-8449-AAC9D8035F07}.Debug|Any CPU.ActiveCfg = Debug|Any CPU
		{B84F57AF-BF67-466C-8449-AAC9D8035F07}.Debug|Any CPU.Build.0 = Debug|Any CPU
		{B84F57AF-BF67-466C-8449-AAC9D8035F07}.Release|arm64.ActiveCfg = Release|Any CPU
		{B84F57AF-BF67-466C-8449-AAC9D8035F07}.Release|arm64.Build.0 = Release|Any CPU
		{B84F57AF-BF67-466C-8449-AAC9D8035F07}.Release|x64.ActiveCfg = Release|Any CPU
		{B84F57AF-BF67-466C-8449-AAC9D8035F07}.Release|x64.Build.0 = Release|Any CPU
		{B84F57AF-BF67-466C-8449-AAC9D8035F07}.Release|x86.ActiveCfg = Release|Any CPU
		{B84F57AF-BF67-466C-8449-AAC9D8035F07}.Release|x86.Build.0 = Release|Any CPU
		{B84F57AF-BF67-466C-8449-AAC9D8035F07}.Release|Any CPU.ActiveCfg = Release|Any CPU
		{B84F57AF-BF67-466C-8449-AAC9D8035F07}.Release|Any CPU.Build.0 = Release|Any CPU
		{5C9B7F94-B523-4C39-BCEB-19964C6A7237}.Debug|arm64.ActiveCfg = Debug|arm64
		{5C9B7F94-B523-4C39-BCEB-19964C6A7237}.Debug|arm64.Build.0 = Debug|arm64
		{5C9B7F94-B523-4C39-BCEB-19964C6A7237}.Debug|x64.ActiveCfg = Debug|x64
		{5C9B7F94-B523-4C39-BCEB-19964C6A7237}.Debug|x64.Build.0 = Debug|x64
		{5C9B7F94-B523-4C39-BCEB-19964C6A7237}.Debug|x86.ActiveCfg = Debug|x86
		{5C9B7F94-B523-4C39-BCEB-19964C6A7237}.Debug|x86.Build.0 = Debug|x86
		{5C9B7F94-B523-4C39-BCEB-19964C6A7237}.Debug|Any CPU.ActiveCfg = Debug|Any CPU
		{5C9B7F94-B523-4C39-BCEB-19964C6A7237}.Debug|Any CPU.Build.0 = Debug|Any CPU
		{5C9B7F94-B523-4C39-BCEB-19964C6A7237}.Release|arm64.ActiveCfg = Release|arm64
		{5C9B7F94-B523-4C39-BCEB-19964C6A7237}.Release|arm64.Build.0 = Release|arm64
		{5C9B7F94-B523-4C39-BCEB-19964C6A7237}.Release|x64.ActiveCfg = Release|x64
		{5C9B7F94-B523-4C39-BCEB-19964C6A7237}.Release|x64.Build.0 = Release|x64
		{5C9B7F94-B523-4C39-BCEB-19964C6A7237}.Release|x86.ActiveCfg = Release|x86
		{5C9B7F94-B523-4C39-BCEB-19964C6A7237}.Release|x86.Build.0 = Release|x86
		{5C9B7F94-B523-4C39-BCEB-19964C6A7237}.Release|Any CPU.ActiveCfg = Release|Any CPU
		{5C9B7F94-B523-4C39-BCEB-19964C6A7237}.Release|Any CPU.Build.0 = Release|Any CPU
		{D5755B47-DB4D-4180-A109-269062572C9D}.Debug|arm64.ActiveCfg = Debug|arm64
		{D5755B47-DB4D-4180-A109-269062572C9D}.Debug|arm64.Build.0 = Debug|arm64
		{D5755B47-DB4D-4180-A109-269062572C9D}.Debug|x64.ActiveCfg = Debug|x64
		{D5755B47-DB4D-4180-A109-269062572C9D}.Debug|x64.Build.0 = Debug|x64
		{D5755B47-DB4D-4180-A109-269062572C9D}.Debug|x86.ActiveCfg = Debug|x86
		{D5755B47-DB4D-4180-A109-269062572C9D}.Debug|x86.Build.0 = Debug|x86
		{D5755B47-DB4D-4180-A109-269062572C9D}.Release|arm64.ActiveCfg = Release|arm64
		{D5755B47-DB4D-4180-A109-269062572C9D}.Release|arm64.Build.0 = Release|arm64
		{D5755B47-DB4D-4180-A109-269062572C9D}.Release|x64.ActiveCfg = Release|x64
		{D5755B47-DB4D-4180-A109-269062572C9D}.Release|x64.Build.0 = Release|x64
		{D5755B47-DB4D-4180-A109-269062572C9D}.Release|x86.ActiveCfg = Release|x86
		{D5755B47-DB4D-4180-A109-269062572C9D}.Release|x86.Build.0 = Release|x86
		{805FF0BD-D3D4-4F9A-8422-6B6225D1EBBC}.Debug|arm64.ActiveCfg = Debug|Any CPU
		{805FF0BD-D3D4-4F9A-8422-6B6225D1EBBC}.Debug|arm64.Build.0 = Debug|Any CPU
		{805FF0BD-D3D4-4F9A-8422-6B6225D1EBBC}.Debug|x64.ActiveCfg = Debug|Any CPU
		{805FF0BD-D3D4-4F9A-8422-6B6225D1EBBC}.Debug|x64.Build.0 = Debug|Any CPU
		{805FF0BD-D3D4-4F9A-8422-6B6225D1EBBC}.Debug|x86.ActiveCfg = Debug|Any CPU
		{805FF0BD-D3D4-4F9A-8422-6B6225D1EBBC}.Debug|x86.Build.0 = Debug|Any CPU
		{805FF0BD-D3D4-4F9A-8422-6B6225D1EBBC}.Debug|Any CPU.ActiveCfg = Debug|Any CPU
		{805FF0BD-D3D4-4F9A-8422-6B6225D1EBBC}.Debug|Any CPU.Build.0 = Debug|Any CPU
		{805FF0BD-D3D4-4F9A-8422-6B6225D1EBBC}.Release|arm64.ActiveCfg = Release|Any CPU
		{805FF0BD-D3D4-4F9A-8422-6B6225D1EBBC}.Release|arm64.Build.0 = Release|Any CPU
		{805FF0BD-D3D4-4F9A-8422-6B6225D1EBBC}.Release|x64.ActiveCfg = Release|Any CPU
		{805FF0BD-D3D4-4F9A-8422-6B6225D1EBBC}.Release|x64.Build.0 = Release|Any CPU
		{805FF0BD-D3D4-4F9A-8422-6B6225D1EBBC}.Release|x86.ActiveCfg = Release|Any CPU
		{805FF0BD-D3D4-4F9A-8422-6B6225D1EBBC}.Release|x86.Build.0 = Release|Any CPU
		{805FF0BD-D3D4-4F9A-8422-6B6225D1EBBC}.Release|x64.Deploy.0 = Release|Any CPU
		{805FF0BD-D3D4-4F9A-8422-6B6225D1EBBC}.Release|Any CPU.ActiveCfg = Release|Any CPU
		{805FF0BD-D3D4-4F9A-8422-6B6225D1EBBC}.Release|Any CPU.Build.0 = Release|Any CPU
	EndGlobalSection
	GlobalSection(SolutionProperties) = preSolution
		HideSolutionNode = FALSE
	EndGlobalSection
	GlobalSection(ExtensibilityGlobals) = postSolution
		SolutionGuid = {EC9666DF-F68D-455D-80D5-11A89A386485}
	EndGlobalSection
EndGlobal
